
Microsoft Visual Studio Solution File, Format Version 12.00
# Visual Studio Version 17
VisualStudioVersion = 17.3.32901.215
MinimumVisualStudioVersion = 10.0.40219.1
Project("{FAE04EC0-301F-11D3-BF4B-00C04F79EFBC}") = "Дипломная работа - Гимаев Амир", "Дипломная работа - Гимаев Амир.csproj", "{8871DD14-0EEA-4351-BB97-D9C600B29C71}"
EndProject
Global
	GlobalSection(SolutionConfigurationPlatforms) = preSolution
		Debug|Any CPU = Debug|Any CPU
		Release|Any CPU = Release|Any CPU
	EndGlobalSection
	GlobalSection(ProjectConfigurationPlatforms) = postSolution
		{8871DD14-0EEA-4351-BB97-D9C600B29C71}.Debug|Any CPU.ActiveCfg = Debug|Any CPU
		{8871DD14-0EEA-4351-BB97-D9C600B29C71}.Debug|Any CPU.Build.0 = Debug|Any CPU
		{8871DD14-0EEA-4351-BB97-D9C600B29C71}.Release|Any CPU.ActiveCfg = Release|Any CPU
		{8871DD14-0EEA-4351-BB97-D9C600B29C71}.Release|Any CPU.Build.0 = Release|Any CPU
	EndGlobalSection
	GlobalSection(SolutionProperties) = preSolution
		HideSolutionNode = FALSE
	EndGlobalSection
	GlobalSection(ExtensibilityGlobals) = postSolution
		SolutionGuid = {735C40EF-CC13-4B00-8C14-ABBE0BC6D4DA}
	EndGlobalSection
EndGlobal
